
Microsoft Visual Studio Solution File, Format Version 12.00
# Visual Studio Version 17
VisualStudioVersion = 17.0.31903.59
MinimumVisualStudioVersion = 10.0.40219.1
Project("{FAE04EC0-301F-11D3-BF4B-00C04F79EFBC}") = "API", "API\API.csproj", "{139E2A8F-7555-424A-96A6-E5D1157A2D8C}"
EndProject
Project("{FAE04EC0-301F-11D3-BF4B-00C04F79EFBC}") = "DataContext", "Persistence\DataContext.csproj", "{C3560693-883B-42F5-BC8E-3BEE22DCB7D4}"
EndProject
Project("{FAE04EC0-301F-11D3-BF4B-00C04F79EFBC}") = "Tables", "Tables\Tables.csproj", "{89C5D80D-06E0-49F4-BE54-3C527CB15EC0}"
EndProject
Global
	GlobalSection(SolutionConfigurationPlatforms) = preSolution
		Debug|Any CPU = Debug|Any CPU
		Release|Any CPU = Release|Any CPU
	EndGlobalSection
	GlobalSection(SolutionProperties) = preSolution
		HideSolutionNode = FALSE
	EndGlobalSection
	GlobalSection(ProjectConfigurationPlatforms) = postSolution
		{139E2A8F-7555-424A-96A6-E5D1157A2D8C}.Debug|Any CPU.ActiveCfg = Debug|Any CPU
		{139E2A8F-7555-424A-96A6-E5D1157A2D8C}.Debug|Any CPU.Build.0 = Debug|Any CPU
		{139E2A8F-7555-424A-96A6-E5D1157A2D8C}.Release|Any CPU.ActiveCfg = Release|Any CPU
		{139E2A8F-7555-424A-96A6-E5D1157A2D8C}.Release|Any CPU.Build.0 = Release|Any CPU
		{C3560693-883B-42F5-BC8E-3BEE22DCB7D4}.Debug|Any CPU.ActiveCfg = Debug|Any CPU
		{C3560693-883B-42F5-BC8E-3BEE22DCB7D4}.Debug|Any CPU.Build.0 = Debug|Any CPU
		{C3560693-883B-42F5-BC8E-3BEE22DCB7D4}.Release|Any CPU.ActiveCfg = Release|Any CPU
		{C3560693-883B-42F5-BC8E-3BEE22DCB7D4}.Release|Any CPU.Build.0 = Release|Any CPU
		{89C5D80D-06E0-49F4-BE54-3C527CB15EC0}.Debug|Any CPU.ActiveCfg = Debug|Any CPU
		{89C5D80D-06E0-49F4-BE54-3C527CB15EC0}.Debug|Any CPU.Build.0 = Debug|Any CPU
		{89C5D80D-06E0-49F4-BE54-3C527CB15EC0}.Release|Any CPU.ActiveCfg = Release|Any CPU
		{89C5D80D-06E0-49F4-BE54-3C527CB15EC0}.Release|Any CPU.Build.0 = Release|Any CPU
	EndGlobalSection
EndGlobal
